
Microsoft Visual Studio Solution File, Format Version 11.00
# Visual Studio 2010
Project("{FAE04EC0-301F-11D3-BF4B-00C04F79EFBC}") = "Cradiator", "src\Cradiator\Cradiator.csproj", "{4CC715FF-1B56-46BA-AD68-ECB5E1B5CDDA}"
EndProject
Project("{FAE04EC0-301F-11D3-BF4B-00C04F79EFBC}") = "Cradiator.Tests", "src\Cradiator.Tests\Cradiator.Tests.csproj", "{06C5E10D-303D-4C61-806A-C8F190B68027}"
EndProject
Project("{FAE04EC0-301F-11D3-BF4B-00C04F79EFBC}") = "MigrateConfig", "src\MigrateConfig\MigrateConfig.csproj", "{04A70705-D9A6-423B-9F11-E7421F8FFC56}"
EndProject
Global
	GlobalSection(SolutionConfigurationPlatforms) = preSolution
		Debug|Any CPU = Debug|Any CPU
		Debug|Mixed Platforms = Debug|Mixed Platforms
		Debug|x86 = Debug|x86
		Release|Any CPU = Release|Any CPU
		Release|Mixed Platforms = Release|Mixed Platforms
		Release|x86 = Release|x86
	EndGlobalSection
	GlobalSection(ProjectConfigurationPlatforms) = postSolution
		{4CC715FF-1B56-46BA-AD68-ECB5E1B5CDDA}.Debug|Any CPU.ActiveCfg = Debug|Any CPU
		{4CC715FF-1B56-46BA-AD68-ECB5E1B5CDDA}.Debug|Any CPU.Build.0 = Debug|Any CPU
		{4CC715FF-1B56-46BA-AD68-ECB5E1B5CDDA}.Debug|Mixed Platforms.ActiveCfg = Debug|Any CPU
		{4CC715FF-1B56-46BA-AD68-ECB5E1B5CDDA}.Debug|Mixed Platforms.Build.0 = Debug|Any CPU
		{4CC715FF-1B56-46BA-AD68-ECB5E1B5CDDA}.Debug|x86.ActiveCfg = Debug|Any CPU
		{4CC715FF-1B56-46BA-AD68-ECB5E1B5CDDA}.Release|Any CPU.ActiveCfg = Release|Any CPU
		{4CC715FF-1B56-46BA-AD68-ECB5E1B5CDDA}.Release|Any CPU.Build.0 = Release|Any CPU
		{4CC715FF-1B56-46BA-AD68-ECB5E1B5CDDA}.Release|Mixed Platforms.ActiveCfg = Release|Any CPU
		{4CC715FF-1B56-46BA-AD68-ECB5E1B5CDDA}.Release|Mixed Platforms.Build.0 = Release|Any CPU
		{4CC715FF-1B56-46BA-AD68-ECB5E1B5CDDA}.Release|x86.ActiveCfg = Release|Any CPU
		{06C5E10D-303D-4C61-806A-C8F190B68027}.Debug|Any CPU.ActiveCfg = Debug|Any CPU
		{06C5E10D-303D-4C61-806A-C8F190B68027}.Debug|Any CPU.Build.0 = Debug|Any CPU
		{06C5E10D-303D-4C61-806A-C8F190B68027}.Debug|Mixed Platforms.ActiveCfg = Debug|Any CPU
		{06C5E10D-303D-4C61-806A-C8F190B68027}.Debug|Mixed Platforms.Build.0 = Debug|Any CPU
		{06C5E10D-303D-4C61-806A-C8F190B68027}.Debug|x86.ActiveCfg = Debug|Any CPU
		{06C5E10D-303D-4C61-806A-C8F190B68027}.Release|Any CPU.ActiveCfg = Release|Any CPU
		{06C5E10D-303D-4C61-806A-C8F190B68027}.Release|Mixed Platforms.ActiveCfg = Release|Any CPU
		{06C5E10D-303D-4C61-806A-C8F190B68027}.Release|Mixed Platforms.Build.0 = Release|Any CPU
		{06C5E10D-303D-4C61-806A-C8F190B68027}.Release|x86.ActiveCfg = Release|Any CPU
		{04A70705-D9A6-423B-9F11-E7421F8FFC56}.Debug|Any CPU.ActiveCfg = Debug|x86
		{04A70705-D9A6-423B-9F11-E7421F8FFC56}.Debug|Mixed Platforms.ActiveCfg = Debug|x86
		{04A70705-D9A6-423B-9F11-E7421F8FFC56}.Debug|Mixed Platforms.Build.0 = Debug|x86
		{04A70705-D9A6-423B-9F11-E7421F8FFC56}.Debug|x86.ActiveCfg = Debug|x86
		{04A70705-D9A6-423B-9F11-E7421F8FFC56}.Debug|x86.Build.0 = Debug|x86
		{04A70705-D9A6-423B-9F11-E7421F8FFC56}.Release|Any CPU.ActiveCfg = Release|Any CPU
		{04A70705-D9A6-423B-9F11-E7421F8FFC56}.Release|Any CPU.Build.0 = Release|Any CPU
		{04A70705-D9A6-423B-9F11-E7421F8FFC56}.Release|Mixed Platforms.ActiveCfg = Release|x86
		{04A70705-D9A6-423B-9F11-E7421F8FFC56}.Release|Mixed Platforms.Build.0 = Release|x86
		{04A70705-D9A6-423B-9F11-E7421F8FFC56}.Release|x86.ActiveCfg = Release|x86
		{04A70705-D9A6-423B-9F11-E7421F8FFC56}.Release|x86.Build.0 = Release|x86
	EndGlobalSection
	GlobalSection(SolutionProperties) = preSolution
		HideSolutionNode = FALSE
	EndGlobalSection
EndGlobal
