
Microsoft Visual Studio Solution File, Format Version 11.00
# Visual Studio 2010
Project("{FAE04EC0-301F-11D3-BF4B-00C04F79EFBC}") = "Cradiator", "src\Cradiator\Cradiator.csproj", "{4CC715FF-1B56-46BA-AD68-ECB5E1B5CDDA}"
EndProject
Project("{FAE04EC0-301F-11D3-BF4B-00C04F79EFBC}") = "Cradiator.Tests", "src\Cradiator.Tests\Cradiator.Tests.csproj", "{06C5E10D-303D-4C61-806A-C8F190B68027}"
EndProject
Global
	GlobalSection(SolutionConfigurationPlatforms) = preSolution
		Debug|Any CPU = Debug|Any CPU
		Release|Any CPU = Release|Any CPU
	EndGlobalSection
	GlobalSection(ProjectConfigurationPlatforms) = postSolution
		{4CC715FF-1B56-46BA-AD68-ECB5E1B5CDDA}.Debug|Any CPU.ActiveCfg = Debug|Any CPU
		{4CC715FF-1B56-46BA-AD68-ECB5E1B5CDDA}.Debug|Any CPU.Build.0 = Debug|Any CPU
		{4CC715FF-1B56-46BA-AD68-ECB5E1B5CDDA}.Release|Any CPU.ActiveCfg = Release|Any CPU
		{4CC715FF-1B56-46BA-AD68-ECB5E1B5CDDA}.Release|Any CPU.Build.0 = Release|Any CPU
		{06C5E10D-303D-4C61-806A-C8F190B68027}.Debug|Any CPU.ActiveCfg = Debug|Any CPU
		{06C5E10D-303D-4C61-806A-C8F190B68027}.Debug|Any CPU.Build.0 = Debug|Any CPU
		{06C5E10D-303D-4C61-806A-C8F190B68027}.Release|Any CPU.ActiveCfg = Release|Any CPU
	EndGlobalSection
	GlobalSection(SolutionProperties) = preSolution
		HideSolutionNode = FALSE
	EndGlobalSection
EndGlobal
